// !$*UTF8*$!
{
	archiveVersion = 1;
	classes = {
	};
	objectVersion = 56;
	objects = {

/* Begin PBXBuildFile section */
		66E90CA829D47F5A00A25B05 /* BouncedScrollViewApp.swift in Sources */ = {isa = PBXBuildFile; fileRef = 66E90CA729D47F5A00A25B05 /* BouncedScrollViewApp.swift */; };
		66E90CAA29D47F5A00A25B05 /* ContentView.swift in Sources */ = {isa = PBXBuildFile; fileRef = 66E90CA929D47F5A00A25B05 /* ContentView.swift */; };
		66E90CAC29D47F5B00A25B05 /* Assets.xcassets in Resources */ = {isa = PBXBuildFile; fileRef = 66E90CAB29D47F5B00A25B05 /* Assets.xcassets */; };
		66E90CAF29D47F5B00A25B05 /* Preview Assets.xcassets in Resources */ = {isa = PBXBuildFile; fileRef = 66E90CAE29D47F5B00A25B05 /* Preview Assets.xcassets */; };
		66E90CB629D485E900A25B05 /* UnbouncedScrollView.swift in Sources */ = {isa = PBXBuildFile; fileRef = 66E90CB529D485E900A25B05 /* UnbouncedScrollView.swift */; };
		66E90CB829D4860A00A25B05 /* BouncedScrollView.swift in Sources */ = {isa = PBXBuildFile; fileRef = 66E90CB729D4860A00A25B05 /* BouncedScrollView.swift */; };
		66E90CBA29D488B100A25B05 /* RecentUnbouncedScrollView.swift in Sources */ = {isa = PBXBuildFile; fileRef = 66E90CB929D488B100A25B05 /* RecentUnbouncedScrollView.swift */; };
/* End PBXBuildFile section */

/* Begin PBXFileReference section */
		66E90CA429D47F5A00A25B05 /* BouncedScrollView.app */ = {isa = PBXFileReference; explicitFileType = wrapper.application; includeInIndex = 0; path = BouncedScrollView.app; sourceTree = BUILT_PRODUCTS_DIR; };
		66E90CA729D47F5A00A25B05 /* BouncedScrollViewApp.swift */ = {isa = PBXFileReference; lastKnownFileType = sourcecode.swift; path = BouncedScrollViewApp.swift; sourceTree = "<group>"; };
		66E90CA929D47F5A00A25B05 /* ContentView.swift */ = {isa = PBXFileReference; lastKnownFileType = sourcecode.swift; path = ContentView.swift; sourceTree = "<group>"; };
		66E90CAB29D47F5B00A25B05 /* Assets.xcassets */ = {isa = PBXFileReference; lastKnownFileType = folder.assetcatalog; path = Assets.xcassets; sourceTree = "<group>"; };
		66E90CAE29D47F5B00A25B05 /* Preview Assets.xcassets */ = {isa = PBXFileReference; lastKnownFileType = folder.assetcatalog; path = "Preview Assets.xcassets"; sourceTree = "<group>"; };
		66E90CB529D485E900A25B05 /* UnbouncedScrollView.swift */ = {isa = PBXFileReference; lastKnownFileType = sourcecode.swift; path = UnbouncedScrollView.swift; sourceTree = "<group>"; };
		66E90CB729D4860A00A25B05 /* BouncedScrollView.swift */ = {isa = PBXFileReference; lastKnownFileType = sourcecode.swift; path = BouncedScrollView.swift; sourceTree = "<group>"; };
		66E90CB929D488B100A25B05 /* RecentUnbouncedScrollView.swift */ = {isa = PBXFileReference; lastKnownFileType = sourcecode.swift; path = RecentUnbouncedScrollView.swift; sourceTree = "<group>"; };
/* End PBXFileReference section */

/* Begin PBXFrameworksBuildPhase section */
		66E90CA129D47F5A00A25B05 /* Frameworks */ = {
			isa = PBXFrameworksBuildPhase;
			buildActionMask = 2147483647;
			files = (
			);
			runOnlyForDeploymentPostprocessing = 0;
		};
/* End PBXFrameworksBuildPhase section */

/* Begin PBXGroup section */
		66E90C9B29D47F5A00A25B05 = {
			isa = PBXGroup;
			children = (
				66E90CA629D47F5A00A25B05 /* BouncedScrollView */,
				66E90CA529D47F5A00A25B05 /* Products */,
			);
			sourceTree = "<group>";
		};
		66E90CA529D47F5A00A25B05 /* Products */ = {
			isa = PBXGroup;
			children = (
				66E90CA429D47F5A00A25B05 /* BouncedScrollView.app */,
			);
			name = Products;
			sourceTree = "<group>";
		};
		66E90CA629D47F5A00A25B05 /* BouncedScrollView */ = {
			isa = PBXGroup;
			children = (
				66E90CA729D47F5A00A25B05 /* BouncedScrollViewApp.swift */,
				66E90CA929D47F5A00A25B05 /* ContentView.swift */,
				66E90CB529D485E900A25B05 /* UnbouncedScrollView.swift */,
				66E90CB729D4860A00A25B05 /* BouncedScrollView.swift */,
				66E90CB929D488B100A25B05 /* RecentUnbouncedScrollView.swift */,
				66E90CAB29D47F5B00A25B05 /* Assets.xcassets */,
				66E90CAD29D47F5B00A25B05 /* Preview Content */,
			);
			path = BouncedScrollView;
			sourceTree = "<group>";
		};
		66E90CAD29D47F5B00A25B05 /* Preview Content */ = {
			isa = PBXGroup;
			children = (
				66E90CAE29D47F5B00A25B05 /* Preview Assets.xcassets */,
			);
			path = "Preview Content";
			sourceTree = "<group>";
		};
/* End PBXGroup section */

/* Begin PBXNativeTarget section */
		66E90CA329D47F5A00A25B05 /* BouncedScrollView */ = {
			isa = PBXNativeTarget;
			buildConfigurationList = 66E90CB229D47F5B00A25B05 /* Build configuration list for PBXNativeTarget "BouncedScrollView" */;
			buildPhases = (
				66E90CA029D47F5A00A25B05 /* Sources */,
				66E90CA129D47F5A00A25B05 /* Frameworks */,
				66E90CA229D47F5A00A25B05 /* Resources */,
			);
			buildRules = (
			);
			dependencies = (
			);
			name = BouncedScrollView;
			productName = BouncedScrollView;
			productReference = 66E90CA429D47F5A00A25B05 /* BouncedScrollView.app */;
			productType = "com.apple.product-type.application";
		};
/* End PBXNativeTarget section */

/* Begin PBXProject section */
		66E90C9C29D47F5A00A25B05 /* Project object */ = {
			isa = PBXProject;
			attributes = {
				BuildIndependentTargetsInParallel = 1;
				LastSwiftUpdateCheck = 1420;
				LastUpgradeCheck = 1420;
				TargetAttributes = {
					66E90CA329D47F5A00A25B05 = {
						CreatedOnToolsVersion = 14.2;
					};
				};
			};
			buildConfigurationList = 66E90C9F29D47F5A00A25B05 /* Build configuration list for PBXProject "BouncedScrollView" */;
			compatibilityVersion = "Xcode 14.0";
			developmentRegion = en;
			hasScannedForEncodings = 0;
			knownRegions = (
				en,
				Base,
			);
			mainGroup = 66E90C9B29D47F5A00A25B05;
			productRefGroup = 66E90CA529D47F5A00A25B05 /* Products */;
			projectDirPath = "";
			projectRoot = "";
			targets = (
				66E90CA329D47F5A00A25B05 /* BouncedScrollView */,
			);
		};
/* End PBXProject section */

/* Begin PBXResourcesBuildPhase section */
		66E90CA229D47F5A00A25B05 /* Resources */ = {
			isa = PBXResourcesBuildPhase;
			buildActionMask = 2147483647;
			files = (
				66E90CAF29D47F5B00A25B05 /* Preview Assets.xcassets in Resources */,
				66E90CAC29D47F5B00A25B05 /* Assets.xcassets in Resources */,
			);
			runOnlyForDeploymentPostprocessing = 0;
		};
/* End PBXResourcesBuildPhase section */

/* Begin PBXSourcesBuildPhase section */
		66E90CA029D47F5A00A25B05 /* Sources */ = {
			isa = PBXSourcesBuildPhase;
			buildActionMask = 2147483647;
			files = (
				66E90CB629D485E900A25B05 /* UnbouncedScrollView.swift in Sources */,
				66E90CBA29D488B100A25B05 /* RecentUnbouncedScrollView.swift in Sources */,
				66E90CB829D4860A00A25B05 /* BouncedScrollView.swift in Sources */,
				66E90CAA29D47F5A00A25B05 /* ContentView.swift in Sources */,
				66E90CA829D47F5A00A25B05 /* BouncedScrollViewApp.swift in Sources */,
			);
			runOnlyForDeploymentPostprocessing = 0;
		};
/* End PBXSourcesBuildPhase section */

/* Begin XCBuildConfiguration section */
		66E90CB029D47F5B00A25B05 /* Debug */ = {
			isa = XCBuildConfiguration;
			buildSettings = {
				ALWAYS_SEARCH_USER_PATHS = NO;
				CLANG_ANALYZER_NONNULL = YES;
				CLANG_ANALYZER_NUMBER_OBJECT_CONVERSION = YES_AGGRESSIVE;
				CLANG_CXX_LANGUAGE_STANDARD = "gnu++20";
				CLANG_ENABLE_MODULES = YES;
				CLANG_ENABLE_OBJC_ARC = YES;
				CLANG_ENABLE_OBJC_WEAK = YES;
				CLANG_WARN_BLOCK_CAPTURE_AUTORELEASING = YES;
				CLANG_WARN_BOOL_CONVERSION = YES;
				CLANG_WARN_COMMA = YES;
				CLANG_WARN_CONSTANT_CONVERSION = YES;
				CLANG_WARN_DEPRECATED_OBJC_IMPLEMENTATIONS = YES;
				CLANG_WARN_DIRECT_OBJC_ISA_USAGE = YES_ERROR;
				CLANG_WARN_DOCUMENTATION_COMMENTS = YES;
				CLANG_WARN_EMPTY_BODY = YES;
				CLANG_WARN_ENUM_CONVERSION = YES;
				CLANG_WARN_INFINITE_RECURSION = YES;
				CLANG_WARN_INT_CONVERSION = YES;
				CLANG_WARN_NON_LITERAL_NULL_CONVERSION = YES;
				CLANG_WARN_OBJC_IMPLICIT_RETAIN_SELF = YES;
				CLANG_WARN_OBJC_LITERAL_CONVERSION = YES;
				CLANG_WARN_OBJC_ROOT_CLASS = YES_ERROR;
				CLANG_WARN_QUOTED_INCLUDE_IN_FRAMEWORK_HEADER = YES;
				CLANG_WARN_RANGE_LOOP_ANALYSIS = YES;
				CLANG_WARN_STRICT_PROTOTYPES = YES;
				CLANG_WARN_SUSPICIOUS_MOVE = YES;
				CLANG_WARN_UNGUARDED_AVAILABILITY = YES_AGGRESSIVE;
				CLANG_WARN_UNREACHABLE_CODE = YES;
				CLANG_WARN__DUPLICATE_METHOD_MATCH = YES;
				COPY_PHASE_STRIP = NO;
				DEBUG_INFORMATION_FORMAT = dwarf;
				ENABLE_STRICT_OBJC_MSGSEND = YES;
				ENABLE_TESTABILITY = YES;
				GCC_C_LANGUAGE_STANDARD = gnu11;
				GCC_DYNAMIC_NO_PIC = NO;
				GCC_NO_COMMON_BLOCKS = YES;
				GCC_OPTIMIZATION_LEVEL = 0;
				GCC_PREPROCESSOR_DEFINITIONS = (
					"DEBUG=1",
					"$(inherited)",
				);
				GCC_WARN_64_TO_32_BIT_CONVERSION = YES;
				GCC_WARN_ABOUT_RETURN_TYPE = YES_ERROR;
				GCC_WARN_UNDECLARED_SELECTOR = YES;
				GCC_WARN_UNINITIALIZED_AUTOS = YES_AGGRESSIVE;
				GCC_WARN_UNUSED_FUNCTION = YES;
				GCC_WARN_UNUSED_VARIABLE = YES;
				IPHONEOS_DEPLOYMENT_TARGET = 16.2;
				MTL_ENABLE_DEBUG_INFO = INCLUDE_SOURCE;
				MTL_FAST_MATH = YES;
				ONLY_ACTIVE_ARCH = YES;
				SDKROOT = iphoneos;
				SWIFT_ACTIVE_COMPILATION_CONDITIONS = DEBUG;
				SWIFT_OPTIMIZATION_LEVEL = "-Onone";
			};
			name = Debug;
		};
		66E90CB129D47F5B00A25B05 /* Release */ = {
			isa = XCBuildConfiguration;
			buildSettings = {
				ALWAYS_SEARCH_USER_PATHS = NO;
				CLANG_ANALYZER_NONNULL = YES;
				CLANG_ANALYZER_NUMBER_OBJECT_CONVERSION = YES_AGGRESSIVE;
				CLANG_CXX_LANGUAGE_STANDARD = "gnu++20";
				CLANG_ENABLE_MODULES = YES;
				CLANG_ENABLE_OBJC_ARC = YES;
				CLANG_ENABLE_OBJC_WEAK = YES;
				CLANG_WARN_BLOCK_CAPTURE_AUTORELEASING = YES;
				CLANG_WARN_BOOL_CONVERSION = YES;
				CLANG_WARN_COMMA = YES;
				CLANG_WARN_CONSTANT_CONVERSION = YES;
				CLANG_WARN_DEPRECATED_OBJC_IMPLEMENTATIONS = YES;
				CLANG_WARN_DIRECT_OBJC_ISA_USAGE = YES_ERROR;
				CLANG_WARN_DOCUMENTATION_COMMENTS = YES;
				CLANG_WARN_EMPTY_BODY = YES;
				CLANG_WARN_ENUM_CONVERSION = YES;
				CLANG_WARN_INFINITE_RECURSION = YES;
				CLANG_WARN_INT_CONVERSION = YES;
				CLANG_WARN_NON_LITERAL_NULL_CONVERSION = YES;
				CLANG_WARN_OBJC_IMPLICIT_RETAIN_SELF = YES;
				CLANG_WARN_OBJC_LITERAL_CONVERSION = YES;
				CLANG_WARN_OBJC_ROOT_CLASS = YES_ERROR;
				CLANG_WARN_QUOTED_INCLUDE_IN_FRAMEWORK_HEADER = YES;
				CLANG_WARN_RANGE_LOOP_ANALYSIS = YES;
				CLANG_WARN_STRICT_PROTOTYPES = YES;
				CLANG_WARN_SUSPICIOUS_MOVE = YES;
				CLANG_WARN_UNGUARDED_AVAILABILITY = YES_AGGRESSIVE;
				CLANG_WARN_UNREACHABLE_CODE = YES;
				CLANG_WARN__DUPLICATE_METHOD_MATCH = YES;
				COPY_PHASE_STRIP = NO;
				DEBUG_INFORMATION_FORMAT = "dwarf-with-dsym";
				ENABLE_NS_ASSERTIONS = NO;
				ENABLE_STRICT_OBJC_MSGSEND = YES;
				GCC_C_LANGUAGE_STANDARD = gnu11;
				GCC_NO_COMMON_BLOCKS = YES;
				GCC_WARN_64_TO_32_BIT_CONVERSION = YES;
				GCC_WARN_ABOUT_RETURN_TYPE = YES_ERROR;
				GCC_WARN_UNDECLARED_SELECTOR = YES;
				GCC_WARN_UNINITIALIZED_AUTOS = YES_AGGRESSIVE;
				GCC_WARN_UNUSED_FUNCTION = YES;
				GCC_WARN_UNUSED_VARIABLE = YES;
				IPHONEOS_DEPLOYMENT_TARGET = 16.2;
				MTL_ENABLE_DEBUG_INFO = NO;
				MTL_FAST_MATH = YES;
				SDKROOT = iphoneos;
				SWIFT_COMPILATION_MODE = wholemodule;
				SWIFT_OPTIMIZATION_LEVEL = "-O";
				VALIDATE_PRODUCT = YES;
			};
			name = Release;
		};
		66E90CB329D47F5B00A25B05 /* Debug */ = {
			isa = XCBuildConfiguration;
			buildSettings = {
				ASSETCATALOG_COMPILER_APPICON_NAME = AppIcon;
				ASSETCATALOG_COMPILER_GLOBAL_ACCENT_COLOR_NAME = AccentColor;
				CODE_SIGN_STYLE = Automatic;
				CURRENT_PROJECT_VERSION = 1;
				DEVELOPMENT_ASSET_PATHS = "\"BouncedScrollView/Preview Content\"";
				DEVELOPMENT_TEAM = W97G28RHLW;
				ENABLE_PREVIEWS = YES;
				GENERATE_INFOPLIST_FILE = YES;
				INFOPLIST_KEY_UIApplicationSceneManifest_Generation = YES;
				INFOPLIST_KEY_UIApplicationSupportsIndirectInputEvents = YES;
				INFOPLIST_KEY_UILaunchScreen_Generation = YES;
				INFOPLIST_KEY_UISupportedInterfaceOrientations_iPad = "UIInterfaceOrientationPortrait UIInterfaceOrientationPortraitUpsideDown UIInterfaceOrientationLandscapeLeft UIInterfaceOrientationLandscapeRight";
				INFOPLIST_KEY_UISupportedInterfaceOrientations_iPhone = "UIInterfaceOrientationPortrait UIInterfaceOrientationLandscapeLeft UIInterfaceOrientationLandscapeRight";
				LD_RUNPATH_SEARCH_PATHS = (
					"$(inherited)",
					"@executable_path/Frameworks",
				);
				MARKETING_VERSION = 1.0;
				PRODUCT_BUNDLE_IDENTIFIER = com.BouncedScrollView;
				PRODUCT_NAME = "$(TARGET_NAME)";
				SWIFT_EMIT_LOC_STRINGS = YES;
				SWIFT_VERSION = 5.0;
				TARGETED_DEVICE_FAMILY = "1,2";
			};
			name = Debug;
		};
		66E90CB429D47F5B00A25B05 /* Release */ = {
			isa = XCBuildConfiguration;
			buildSettings = {
				ASSETCATALOG_COMPILER_APPICON_NAME = AppIcon;
				ASSETCATALOG_COMPILER_GLOBAL_ACCENT_COLOR_NAME = AccentColor;
				CODE_SIGN_STYLE = Automatic;
				CURRENT_PROJECT_VERSION = 1;
				DEVELOPMENT_ASSET_PATHS = "\"BouncedScrollView/Preview Content\"";
				DEVELOPMENT_TEAM = W97G28RHLW;
				ENABLE_PREVIEWS = YES;
				GENERATE_INFOPLIST_FILE = YES;
				INFOPLIST_KEY_UIApplicationSceneManifest_Generation = YES;
				INFOPLIST_KEY_UIApplicationSupportsIndirectInputEvents = YES;
				INFOPLIST_KEY_UILaunchScreen_Generation = YES;
				INFOPLIST_KEY_UISupportedInterfaceOrientations_iPad = "UIInterfaceOrientationPortrait UIInterfaceOrientationPortraitUpsideDown UIInterfaceOrientationLandscapeLeft UIInterfaceOrientationLandscapeRight";
				INFOPLIST_KEY_UISupportedInterfaceOrientations_iPhone = "UIInterfaceOrientationPortrait UIInterfaceOrientationLandscapeLeft UIInterfaceOrientationLandscapeRight";
				LD_RUNPATH_SEARCH_PATHS = (
					"$(inherited)",
					"@executable_path/Frameworks",
				);
				MARKETING_VERSION = 1.0;
				PRODUCT_BUNDLE_IDENTIFIER = com.BouncedScrollView;
				PRODUCT_NAME = "$(TARGET_NAME)";
				SWIFT_EMIT_LOC_STRINGS = YES;
				SWIFT_VERSION = 5.0;
				TARGETED_DEVICE_FAMILY = "1,2";
			};
			name = Release;
		};
/* End XCBuildConfiguration section */

/* Begin XCConfigurationList section */
		66E90C9F29D47F5A00A25B05 /* Build configuration list for PBXProject "BouncedScrollView" */ = {
			isa = XCConfigurationList;
			buildConfigurations = (
				66E90CB029D47F5B00A25B05 /* Debug */,
				66E90CB129D47F5B00A25B05 /* Release */,
			);
			defaultConfigurationIsVisible = 0;
			defaultConfigurationName = Release;
		};
		66E90CB229D47F5B00A25B05 /* Build configuration list for PBXNativeTarget "BouncedScrollView" */ = {
			isa = XCConfigurationList;
			buildConfigurations = (
				66E90CB329D47F5B00A25B05 /* Debug */,
				66E90CB429D47F5B00A25B05 /* Release */,
			);
			defaultConfigurationIsVisible = 0;
			defaultConfigurationName = Release;
		};
/* End XCConfigurationList section */
	};
	rootObject = 66E90C9C29D47F5A00A25B05 /* Project object */;
}
